version = 1
revision = 3
requires-python = ">=3.12"

[[package]]
name = "dlpark-metal-python"
version = "0.1.0"
source = { editable = "." }
dependencies = [
    { name = "mlx", marker = "platform_machine == 'arm64' and sys_platform == 'darwin'" },
]

[package.dev-dependencies]
dev = [
    { name = "maturin" },
]

[package.metadata]
requires-dist = [{ name = "mlx", marker = "platform_machine == 'arm64' and sys_platform == 'darwin'", specifier = ">=0.32.2" }]

[package.metadata.requires-dev]
dev = [{ name = "maturin", specifier = ">=1.8" }]

[[package]]
name = "maturin"
version = "1.15.0"
source = { registry = "https://mirrors.aliyun.com/pypi/simple/" }
sdist = { url = "https://mirrors.aliyun.com/pypi/packages/b9/c8/22e5e21b2679c9bce6415ca578034ca2cc9316be0642ae21e051a2d5198c/maturin-1.15.0.tar.gz", hash = "sha256:94b26cc8e8aba61a5f2099715fe640e18c5f678e9a500408b38761263954228a" }
wheels = [
    { url = "https://mirrors.aliyun.com/pypi/packages/14/69/5c01b461044eb1f45ddcce006706eb88110c793cdb11c7ae0b5e08492e94/maturin-1.15.0-py3-none-linux_armv6l.whl", hash = "sha256:6bf6dc62e22d4dcfd5a51244ff0d58975fa4979c48209fe84159617648956d82" },
    { url = "https://mirrors.aliyun.com/pypi/packages/eb/1f/2b431554e11687cdb1077e0cdadcc118c53f611086b3af00c8545a67c6a5/maturin-1.15.0-py3-none-macosx_10_12_x86_64.macosx_11_0_arm64.macosx_10_12_universal2.whl", hash = "sha256:cd35772633f489841132bc8e71d6fc7f842df30b9c05cd5cdf1ee1ddcb744cc7" },
    { url = "https://mirrors.aliyun.com/pypi/packages/51/36/e23a21cb34a648b711036b9b2fe1d4f3f4ee24f8db54215d73f1a9a3a3ec/maturin-1.15.0-py3-none-macosx_10_12_x86_64.whl", hash = "sha256:c40b4eae7bf5ef1f4b1af8d623fe4105016f93578fb15b764e741d08ec3b92dd" },
    { url = "https://mirrors.aliyun.com/pypi/packages/8c/80/33b15cb2d8f30f12c807955e8f2fd775027692904e30ec0784744ce8cd83/maturin-1.15.0-py3-none-manylinux_2_12_i686.manylinux2010_i686.musllinux_1_1_i686.whl", hash = "sha256:7eb066372f541f8eb4909c79c5d9bd0b9e8125980bdf1ec9e8aba23c6c8d6c55" },
    { url = "https://mirrors.aliyun.com/pypi/packages/fe/91/b495e19e2f5c503b540452b2039115e7b2363867e8c5ad4179eb752fa92c/maturin-1.15.0-py3-none-manylinux_2_12_x86_64.manylinux2010_x86_64.musllinux_1_1_x86_64.whl", hash = "sha256:653020a63525bb224e5ab0adf02e17a2e08bc86dbea7fc1399c9a56d7529b99e" },
    { url = "https://mirrors.aliyun.com/pypi/packages/5d/2b/2abff58037188d852b124871b1f0d720e1c2bfb3d4f1b03d87c52cd66488/maturin-1.15.0-py3-none-manylinux_2_17_aarch64.manylinux2014_aarch64.musllinux_1_1_aarch64.whl", hash = "sha256:0ebf9767892725083138e671c34482c660317a2f3d6a29fc0e0f34e9d8c99136" },
    { url = "https://mirrors.aliyun.com/pypi/packages/3f/07/b7e9f8be99a6627849e81ac7b6694876bce8f50a92995fe17e3cf2610f0a/maturin-1.15.0-py3-none-manylinux_2_17_armv7l.manylinux2014_armv7l.musllinux_1_1_armv7l.whl", hash = "sha256:7ab7eebffd7b8debca2265985de4eaeb332141276d24b9560b5ad484d4b3add1" },
    { url = "https://mirrors.aliyun.com/pypi/packages/ca/ab/167e3cb7accee11b507dbe53e0e87aeccb376d44ae66284c96ee4df3a9fd/maturin-1.15.0-py3-none-manylinux_2_17_ppc64le.manylinux2014_ppc64le.musllinux_1_1_ppc64le.whl", hash = "sha256:126e12e618b4db42f68c779a56d41f82a390145ba36ac3f621d057eb34f5ad9d" },
    { url = "https://mirrors.aliyun.com/pypi/packages/14/4d/801379f646cbc6b00998e5289b0630a886be3a4ee4c75b6bc9b87478a7f1/maturin-1.15.0-py3-none-manylinux_2_17_s390x.manylinux2014_s390x.whl", hash = "sha256:4f9d33e6c3f9615c8caceecbbbd440f8eb25a3ddeb687077682cd5eca2e9ae15" },
    { url = "https://mirrors.aliyun.com/pypi/packages/89/27/2e612e1cbd1580e9e94d4722c227b5180dca27b32b955a34b79918aa1292/maturin-1.15.0-py3-none-manylinux_2_31_riscv64.musllinux_1_1_riscv64.whl", hash = "sha256:bf29beddd0c6708f112db51d5275fc28b28b9e9c9c5faae387eaef662918b176" },
    { url = "https://mirrors.aliyun.com/pypi/packages/70/d8/202a7b4d75a51f20f84ec9ce3b7345b12b822207072164e2b1c6ef665125/maturin-1.15.0-py3-none-win32.whl", hash = "sha256:da649988be98e87e009e51b1bf0d301b6a301bc0cecbdd60d40d8ba60748d1ca" },
    { url = "https://mirrors.aliyun.com/pypi/packages/40/dc/4e90da594986ba78dd3bc8a5921ecdcdb11085b22b02a412caab3b225601/maturin-1.15.0-py3-none-win_amd64.whl", hash = "sha256:552c2be4afd43fe8d5c9f3ec8d4c4756d973b8dcbe94c14084390301f50243e1" },
    { url = "https://mirrors.aliyun.com/pypi/packages/8b/10/15d4314edf130955edf2dc237aa393a8a7c10f2b9b57b89fa2f61f915659/maturin-1.15.0-py3-none-win_arm64.whl", hash = "sha256:c7dc0c66c78d3debdd9c5aa807e861fbcbf07f3505d34b125df74c03986b0f48" },
]

[[package]]
name = "mlx"
version = "0.32.2"
source = { registry = "https://mirrors.aliyun.com/pypi/simple/" }
dependencies = [
    { name = "mlx-metal" },
]
wheels = [
    { url = "https://mirrors.aliyun.com/pypi/packages/38/f7/5664e13821491559c953494e6705c818203d6880d713a0c22e12bead9564/mlx-0.32.2-cp312-cp312-macosx_14_0_arm64.whl", hash = "sha256:77217798a2b036bae9f213b851d4cde4581893787c9964458b7d471f86036bd6" },
    { url = "https://mirrors.aliyun.com/pypi/packages/bc/be/c821eed5b7c13b42c114aec54c757545d6eeecce25d3212ea7d18dd79cfd/mlx-0.32.2-cp312-cp312-macosx_15_0_arm64.whl", hash = "sha256:cf63fd5c32258ab07523b06401c20ee2280bf56e26e991d05bf6fd8a4d42d1f6" },
    { url = "https://mirrors.aliyun.com/pypi/packages/0b/eb/af6b1a8b45f24d22e4735c52e0696c66233bd477e1b9e9dbbef225bdf88b/mlx-0.32.2-cp312-cp312-macosx_26_0_arm64.whl", hash = "sha256:68560fd648c5bb900aa6f6765cd74c5a8abaf092d97d73584a57b7545966c227" },
    { url = "https://mirrors.aliyun.com/pypi/packages/5e/d7/0f9717acf577621ff0899f311eaa16abbfd2ee5a5c2156313f49d080cb5f/mlx-0.32.2-cp313-cp313-macosx_14_0_arm64.whl", hash = "sha256:65d3d29b66045ed8dd2d8e437c8770de325843c364f7b7c38cd8ae90a7eec854" },
    { url = "https://mirrors.aliyun.com/pypi/packages/2d/96/d333b83d04c31046d49d9e1f915c9da76eb264b8e4205bd36d428d09421f/mlx-0.32.2-cp313-cp313-macosx_15_0_arm64.whl", hash = "sha256:daebf84dfb857d70e87b1b98189a057e691e99a4a2b9f6f64cadebad917f8964" },
    { url = "https://mirrors.aliyun.com/pypi/packages/38/96/9db8e27f384d83d3816ec7392c7a2b375979c14509d7f345d1fa3d05cac8/mlx-0.32.2-cp313-cp313-macosx_26_0_arm64.whl", hash = "sha256:df8c75e509de868fca148dfeb38d92ce956eed386569c87caeb72bd16d2d6962" },
    { url = "https://mirrors.aliyun.com/pypi/packages/bf/86/c574112fc8193c6e032c4be3a394361dfa283a57e276a76538fa8da341df/mlx-0.32.2-cp313-cp313t-macosx_14_0_arm64.whl", hash = "sha256:dc5eb3cc30d4285f2734c368442f717599e97294663441cb42959e3b856d6898" },
    { url = "https://mirrors.aliyun.com/pypi/packages/10/44/d50dd35a356323105f2d25aa5b463869e6dfe6e75cb2422e738472b6127a/mlx-0.32.2-cp313-cp313t-macosx_15_0_arm64.whl", hash = "sha256:c95a384de1a0c0ba18425344cad8ac87180e3c5c1921a42e2621475be5966bcf" },
    { url = "https://mirrors.aliyun.com/pypi/packages/0f/a3/9feb2ed4bb045cb077beed6fec309154e3a4ec71ce6a714e8487d133e355/mlx-0.32.2-cp313-cp313t-macosx_26_0_arm64.whl", hash = "sha256:bc69bd1062b97028ae6b79522ed0bd635a2b133fe3c398c03b66b060c20d9240" },
    { url = "https://mirrors.aliyun.com/pypi/packages/35/c8/d4f7c648d6ea7baee986047ca30647a5733df5b9c77bb0a262dc5aca0843/mlx-0.32.2-cp314-cp314-macosx_14_0_arm64.whl", hash = "sha256:c99e3b6451bb4a55071cf19594f564435bd88de77008f377e611a40a8bbfb328" },
    { url = "https://mirrors.aliyun.com/pypi/packages/f8/c8/6928f4b9ca8f190c7c7a19c0a67920aa1742c62c6e66b05f7a1e21da728c/mlx-0.32.2-cp314-cp314-macosx_15_0_arm64.whl", hash = "sha256:8fc433e35a7058e30f7a225c39fce06ba41394fe8e9fd67383b70f0b06de398c" },
    { url = "https://mirrors.aliyun.com/pypi/packages/ce/f0/4cb126cdfffb6d976fedba1dc276cb714e1a37d6f47527dc5deeaa8a8668/mlx-0.32.2-cp314-cp314-macosx_26_0_arm64.whl", hash = "sha256:3503617e3aa6a8e411df53236d5bca039fcca97556f1ade1c4e5cc8a64de52d2" },
    { url = "https://mirrors.aliyun.com/pypi/packages/13/5d/2eb0b70061ba2f82c5c0f9cff4d60f502c014b5e15c8ede9e47ecff7eda4/mlx-0.32.2-cp314-cp314t-macosx_14_0_arm64.whl", hash = "sha256:1a76fa10040ceb6b119f015e5edce7678387f2c73ec51818cfc1a22441910795" },
    { url = "https://mirrors.aliyun.com/pypi/packages/87/16/ab4dad1e575c7b44283754bb70f6a24b14f4cba646dc4c605b6c49a8a376/mlx-0.32.2-cp314-cp314t-macosx_15_0_arm64.whl", hash = "sha256:0007e4a071756c07c79f4762aa6ccc1d646da2621f5221f4467ee9419733e0e4" },
    { url = "https://mirrors.aliyun.com/pypi/packages/9c/8e/45e8796e4be713a0126cdbe9a57cd2a89e6e91b034f89e4f6c42bd3f15df/mlx-0.32.2-cp314-cp314t-macosx_26_0_arm64.whl", hash = "sha256:94f4bba2183f6875f5f6de3e78939da1471626f2458c16a7ae6b494df8899d8e" },
]

[[package]]
name = "mlx-metal"
version = "0.32.2"
source = { registry = "https://mirrors.aliyun.com/pypi/simple/" }
wheels = [
    { url = "https://mirrors.aliyun.com/pypi/packages/f7/ab/ba1952908c5d2a5070cf1cfbfea0161c4751ea62299e2776819810917483/mlx_metal-0.32.2-py3-none-macosx_14_0_arm64.whl", hash = "sha256:3825fff379dbc107dd3413e564a06caeaa24819910ec49c0439e454c06a1b9b8" },
    { url = "https://mirrors.aliyun.com/pypi/packages/79/ec/34f37376e26d537fadffb99af3a760d6545e37f5e1a30a552baadf237fc5/mlx_metal-0.32.2-py3-none-macosx_15_0_arm64.whl", hash = "sha256:55a369250d220b2cf10213a87a2ac1b1a420608c5b35b1df4e7147ac8e32f121" },
    { url = "https://mirrors.aliyun.com/pypi/packages/dd/cd/4e50bf325100e7165e13d025f264362bf0009196269f9eaf87f2c6e738a2/mlx_metal-0.32.2-py3-none-macosx_26_0_arm64.whl", hash = "sha256:e6abeac9ac5265830c9c1541b6f96e9be37a85c2446763a46ad466c63a3837ab" },
]
